
Microsoft Visual Studio Solution File, Format Version 12.00
# Visual Studio Version 17
VisualStudioVersion = 17.3.32929.385
MinimumVisualStudioVersion = 10.0.40219.1
Project("{FAE04EC0-301F-11D3-BF4B-00C04F79EFBC}") = "WF290423", "WF290423.csproj", "{8F4AED08-E93A-411E-ADC4-E4335FD407FF}"
EndProject
Global
	GlobalSection(SolutionConfigurationPlatforms) = preSolution
		Debug|Any CPU = Debug|Any CPU
		Release|Any CPU = Release|Any CPU
	EndGlobalSection
	GlobalSection(ProjectConfigurationPlatforms) = postSolution
		{8F4AED08-E93A-411E-ADC4-E4335FD407FF}.Debug|Any CPU.ActiveCfg = Debug|Any CPU
		{8F4AED08-E93A-411E-ADC4-E4335FD407FF}.Debug|Any CPU.Build.0 = Debug|Any CPU
		{8F4AED08-E93A-411E-ADC4-E4335FD407FF}.Release|Any CPU.ActiveCfg = Release|Any CPU
		{8F4AED08-E93A-411E-ADC4-E4335FD407FF}.Release|Any CPU.Build.0 = Release|Any CPU
	EndGlobalSection
	GlobalSection(SolutionProperties) = preSolution
		HideSolutionNode = FALSE
	EndGlobalSection
	GlobalSection(ExtensibilityGlobals) = postSolution
		SolutionGuid = {0A1DE83F-B07F-4A4E-9D1A-5496748E284A}
	EndGlobalSection
EndGlobal
